<Solution>
  <Project Path="TickBox.UI.Android/TickBox.UI.Android.csproj">
    <Deploy />
  </Project>
  <Project Path="TickBox.UI.Browser/TickBox.UI.Browser.csproj" />
  <Project Path="TickBox.UI.Desktop/TickBox.UI.Desktop.csproj" />
  <Project Path="TickBox.UI.iOS/TickBox.UI.iOS.csproj">
    <Deploy />
  </Project>
  <Project Path="TickBox.UI/TickBox.UI.csproj" />
</Solution>
